
Microsoft Visual Studio Solution File, Format Version 12.00
# Visual Studio 15
VisualStudioVersion = 15.0.28010.2046
MinimumVisualStudioVersion = 10.0.40219.1
Project("{FAE04EC0-301F-11D3-BF4B-00C04F79EFBC}") = "Common", "Common\Common.csproj", "{06E68C35-4529-499D-AEAB-9B6250DD7F7E}"
EndProject
Project("{FAE04EC0-301F-11D3-BF4B-00C04F79EFBC}") = "TestFramework", "TestFramework\TestFramework.csproj", "{45575182-0278-41B7-8877-128367413804}"
EndProject
Project("{2150E333-8FDC-42A3-9474-1A3956D46DE8}") = "Tests", "Tests", "{84C5D3E3-5BA4-4E03-A4CE-E9806065B926}"
EndProject
Project("{FAE04EC0-301F-11D3-BF4B-00C04F79EFBC}") = "Common.UnitTests", "Common.UnitTests\Common.UnitTests.csproj", "{6B8D2750-E347-423E-8CC7-4FC13901CAC3}"
EndProject
Project("{FAE04EC0-301F-11D3-BF4B-00C04F79EFBC}") = "StringSim", "StringSim\StringSim.csproj", "{6779B963-9589-4E0D-950E-FF5591322393}"
EndProject
Global
	GlobalSection(SolutionConfigurationPlatforms) = preSolution
		Debug|Any CPU = Debug|Any CPU
		Release|Any CPU = Release|Any CPU
	EndGlobalSection
	GlobalSection(ProjectConfigurationPlatforms) = postSolution
		{06E68C35-4529-499D-AEAB-9B6250DD7F7E}.Debug|Any CPU.ActiveCfg = Debug|Any CPU
		{06E68C35-4529-499D-AEAB-9B6250DD7F7E}.Debug|Any CPU.Build.0 = Debug|Any CPU
		{06E68C35-4529-499D-AEAB-9B6250DD7F7E}.Release|Any CPU.ActiveCfg = Release|Any CPU
		{06E68C35-4529-499D-AEAB-9B6250DD7F7E}.Release|Any CPU.Build.0 = Release|Any CPU
		{45575182-0278-41B7-8877-128367413804}.Debug|Any CPU.ActiveCfg = Debug|Any CPU
		{45575182-0278-41B7-8877-128367413804}.Debug|Any CPU.Build.0 = Debug|Any CPU
		{45575182-0278-41B7-8877-128367413804}.Release|Any CPU.ActiveCfg = Release|Any CPU
		{45575182-0278-41B7-8877-128367413804}.Release|Any CPU.Build.0 = Release|Any CPU
		{6B8D2750-E347-423E-8CC7-4FC13901CAC3}.Debug|Any CPU.ActiveCfg = Debug|Any CPU
		{6B8D2750-E347-423E-8CC7-4FC13901CAC3}.Debug|Any CPU.Build.0 = Debug|Any CPU
		{6B8D2750-E347-423E-8CC7-4FC13901CAC3}.Release|Any CPU.ActiveCfg = Release|Any CPU
		{6B8D2750-E347-423E-8CC7-4FC13901CAC3}.Release|Any CPU.Build.0 = Release|Any CPU
		{6779B963-9589-4E0D-950E-FF5591322393}.Debug|Any CPU.ActiveCfg = Debug|Any CPU
		{6779B963-9589-4E0D-950E-FF5591322393}.Debug|Any CPU.Build.0 = Debug|Any CPU
		{6779B963-9589-4E0D-950E-FF5591322393}.Release|Any CPU.ActiveCfg = Release|Any CPU
		{6779B963-9589-4E0D-950E-FF5591322393}.Release|Any CPU.Build.0 = Release|Any CPU
	EndGlobalSection
	GlobalSection(SolutionProperties) = preSolution
		HideSolutionNode = FALSE
	EndGlobalSection
	GlobalSection(NestedProjects) = preSolution
		{6B8D2750-E347-423E-8CC7-4FC13901CAC3} = {84C5D3E3-5BA4-4E03-A4CE-E9806065B926}
	EndGlobalSection
	GlobalSection(ExtensibilityGlobals) = postSolution
		SolutionGuid = {0F716DAD-56DF-49E6-AFD6-5023A88F5F68}
	EndGlobalSection
EndGlobal
